
Microsoft Visual Studio Solution File, Format Version 12.00
Project("{FAE04EC0-301F-11D3-BF4B-00C04F79EFBC}") = "Abstractions", "Abstractions\Abstractions.csproj", "{AC922291-A1F9-4A5F-AC1A-345D91208F6C}"
EndProject
Project("{FAE04EC0-301F-11D3-BF4B-00C04F79EFBC}") = "App", "App\App.csproj", "{6FBA93C2-5AF8-428E-92B7-B678AD6D610A}"
EndProject
Project("{FAE04EC0-301F-11D3-BF4B-00C04F79EFBC}") = "UnitAppTesting", "UnitAppTesting\UnitAppTesting.csproj", "{237922CA-09A2-45B5-A77D-8E8DCD88A3BF}"
EndProject
Project("{FAE04EC0-301F-11D3-BF4B-00C04F79EFBC}") = "Api", "Api\Api.csproj", "{A0ECD43F-812F-44D2-9FD0-2491562F6671}"
EndProject
Global
	GlobalSection(SolutionConfigurationPlatforms) = preSolution
		Debug|Any CPU = Debug|Any CPU
		Release|Any CPU = Release|Any CPU
	EndGlobalSection
	GlobalSection(ProjectConfigurationPlatforms) = postSolution
		{AC922291-A1F9-4A5F-AC1A-345D91208F6C}.Debug|Any CPU.ActiveCfg = Debug|Any CPU
		{AC922291-A1F9-4A5F-AC1A-345D91208F6C}.Debug|Any CPU.Build.0 = Debug|Any CPU
		{AC922291-A1F9-4A5F-AC1A-345D91208F6C}.Release|Any CPU.ActiveCfg = Release|Any CPU
		{AC922291-A1F9-4A5F-AC1A-345D91208F6C}.Release|Any CPU.Build.0 = Release|Any CPU
		{6FBA93C2-5AF8-428E-92B7-B678AD6D610A}.Debug|Any CPU.ActiveCfg = Debug|Any CPU
		{6FBA93C2-5AF8-428E-92B7-B678AD6D610A}.Debug|Any CPU.Build.0 = Debug|Any CPU
		{6FBA93C2-5AF8-428E-92B7-B678AD6D610A}.Release|Any CPU.ActiveCfg = Release|Any CPU
		{6FBA93C2-5AF8-428E-92B7-B678AD6D610A}.Release|Any CPU.Build.0 = Release|Any CPU
		{237922CA-09A2-45B5-A77D-8E8DCD88A3BF}.Debug|Any CPU.ActiveCfg = Debug|Any CPU
		{237922CA-09A2-45B5-A77D-8E8DCD88A3BF}.Debug|Any CPU.Build.0 = Debug|Any CPU
		{237922CA-09A2-45B5-A77D-8E8DCD88A3BF}.Release|Any CPU.ActiveCfg = Release|Any CPU
		{237922CA-09A2-45B5-A77D-8E8DCD88A3BF}.Release|Any CPU.Build.0 = Release|Any CPU
		{A0ECD43F-812F-44D2-9FD0-2491562F6671}.Debug|Any CPU.ActiveCfg = Debug|Any CPU
		{A0ECD43F-812F-44D2-9FD0-2491562F6671}.Debug|Any CPU.Build.0 = Debug|Any CPU
		{A0ECD43F-812F-44D2-9FD0-2491562F6671}.Release|Any CPU.ActiveCfg = Release|Any CPU
		{A0ECD43F-812F-44D2-9FD0-2491562F6671}.Release|Any CPU.Build.0 = Release|Any CPU
	EndGlobalSection
EndGlobal
